
Microsoft Visual Studio Solution File, Format Version 12.00
# Visual Studio Version 17
VisualStudioVersion = 17.12.35728.132 d17.12
MinimumVisualStudioVersion = 10.0.40219.1
Project("{E24C65DC-7377-472B-9ABA-BC803B73C61A}") = "TheSignUp", ".", "{7EE51B36-0BAF-4845-A3A0-FA5E94D1976F}"
	ProjectSection(WebsiteProperties) = preProject
		TargetFrameworkMoniker = ".NETFramework,Version%3Dv4.8"
		Debug.AspNetCompiler.VirtualPath = "/localhost_53023"
		Debug.AspNetCompiler.PhysicalPath = "..\TheSignUp\"
		Debug.AspNetCompiler.TargetPath = "PrecompiledWeb\localhost_53023\"
		Debug.AspNetCompiler.Updateable = "true"
		Debug.AspNetCompiler.ForceOverwrite = "true"
		Debug.AspNetCompiler.FixedNames = "false"
		Debug.AspNetCompiler.Debug = "True"
		Release.AspNetCompiler.VirtualPath = "/localhost_53023"
		Release.AspNetCompiler.PhysicalPath = "..\TheSignUp\"
		Release.AspNetCompiler.TargetPath = "PrecompiledWeb\localhost_53023\"
		Release.AspNetCompiler.Updateable = "true"
		Release.AspNetCompiler.ForceOverwrite = "true"
		Release.AspNetCompiler.FixedNames = "false"
		Release.AspNetCompiler.Debug = "False"
		VWDPort = "53023"
		SlnRelativePath = "..\TheSignUp\"
	EndProjectSection
EndProject
Global
	GlobalSection(SolutionConfigurationPlatforms) = preSolution
		Debug|Any CPU = Debug|Any CPU
	EndGlobalSection
	GlobalSection(ProjectConfigurationPlatforms) = postSolution
		{7EE51B36-0BAF-4845-A3A0-FA5E94D1976F}.Debug|Any CPU.ActiveCfg = Debug|Any CPU
		{7EE51B36-0BAF-4845-A3A0-FA5E94D1976F}.Debug|Any CPU.Build.0 = Debug|Any CPU
	EndGlobalSection
	GlobalSection(SolutionProperties) = preSolution
		HideSolutionNode = FALSE
	EndGlobalSection
EndGlobal
